
Microsoft Visual Studio Solution File, Format Version 12.00
# Visual Studio 2013
VisualStudioVersion = 12.0.40629.0
MinimumVisualStudioVersion = 10.0.40219.1
Project("{8BC9CEB8-8B4A-11D0-8D11-00A0C91BC942}") = "dagaa", "dagaa.vcxproj", "{9A66B5C3-0C67-40E2-B92D-CC737DCD7E8E}"
EndProject
Project("{2150E333-8FDC-42A3-9474-1A3956D46DE8}") = "Solution Items", "Solution Items", "{A4678EE6-82FE-4D23-BF74-443674F964C5}"
	ProjectSection(SolutionItems) = preProject
		Performance1.psess = Performance1.psess
	EndProjectSection
EndProject
Global
	GlobalSection(SolutionConfigurationPlatforms) = preSolution
		Debug|Win32 = Debug|Win32
		Release|Win32 = Release|Win32
	EndGlobalSection
	GlobalSection(ProjectConfigurationPlatforms) = postSolution
		{9A66B5C3-0C67-40E2-B92D-CC737DCD7E8E}.Debug|Win32.ActiveCfg = Debug|Win32
		{9A66B5C3-0C67-40E2-B92D-CC737DCD7E8E}.Debug|Win32.Build.0 = Debug|Win32
		{9A66B5C3-0C67-40E2-B92D-CC737DCD7E8E}.Release|Win32.ActiveCfg = Release|Win32
		{9A66B5C3-0C67-40E2-B92D-CC737DCD7E8E}.Release|Win32.Build.0 = Release|Win32
	EndGlobalSection
	GlobalSection(SolutionProperties) = preSolution
		HideSolutionNode = FALSE
	EndGlobalSection
EndGlobal
